
Microsoft Visual Studio Solution File, Format Version 12.00
# Visual Studio 15
VisualStudioVersion = 15.0.28307.106
MinimumVisualStudioVersion = 10.0.40219.1
Project("{9A19103F-16F7-4668-BE54-9A1E7A4F7556}") = "AutoMapper", "AutoMapper\AutoMapper.csproj", "{F1300E00-1639-4108-AEFA-8C87F4665CDF}"
EndProject
Project("{9A19103F-16F7-4668-BE54-9A1E7A4F7556}") = "TestMapper", "TestMapper\TestMapper.csproj", "{C9A422F8-821F-4BB9-8408-DCF24F187463}"
EndProject
Global
	GlobalSection(SolutionConfigurationPlatforms) = preSolution
		Debug|Any CPU = Debug|Any CPU
		Release|Any CPU = Release|Any CPU
	EndGlobalSection
	GlobalSection(ProjectConfigurationPlatforms) = postSolution
		{F1300E00-1639-4108-AEFA-8C87F4665CDF}.Debug|Any CPU.ActiveCfg = Debug|Any CPU
		{F1300E00-1639-4108-AEFA-8C87F4665CDF}.Debug|Any CPU.Build.0 = Debug|Any CPU
		{F1300E00-1639-4108-AEFA-8C87F4665CDF}.Release|Any CPU.ActiveCfg = Release|Any CPU
		{F1300E00-1639-4108-AEFA-8C87F4665CDF}.Release|Any CPU.Build.0 = Release|Any CPU
		{C9A422F8-821F-4BB9-8408-DCF24F187463}.Debug|Any CPU.ActiveCfg = Debug|Any CPU
		{C9A422F8-821F-4BB9-8408-DCF24F187463}.Debug|Any CPU.Build.0 = Debug|Any CPU
		{C9A422F8-821F-4BB9-8408-DCF24F187463}.Release|Any CPU.ActiveCfg = Release|Any CPU
		{C9A422F8-821F-4BB9-8408-DCF24F187463}.Release|Any CPU.Build.0 = Release|Any CPU
	EndGlobalSection
	GlobalSection(SolutionProperties) = preSolution
		HideSolutionNode = FALSE
	EndGlobalSection
	GlobalSection(ExtensibilityGlobals) = postSolution
		SolutionGuid = {0C44C800-7007-4A57-AF8B-30F54A7E58E2}
	EndGlobalSection
EndGlobal
